// !$*UTF8*$!
{
	archiveVersion = 1;
	classes = {
	};
	objectVersion = 54;
	objects = {

/* Begin PBXBuildFile section */
		14934468C876926438CBDCD3 /* PrivacyInfo.xcprivacy in Resources */ = {isa = PBXBuildFile; fileRef = 2185E252EF00F8121E8B571B /* PrivacyInfo.xcprivacy */; };
		5142014D2437B4B30078DB4F /* AppDelegate.mm in Sources */ = {isa = PBXBuildFile; fileRef = 5142014C2437B4B30078DB4F /* AppDelegate.mm */; };
		514201522437B4B40078DB4F /* Assets.xcassets in Resources */ = {isa = PBXBuildFile; fileRef = 514201512437B4B40078DB4F /* Assets.xcassets */; };
		514201552437B4B40078DB4F /* Main.storyboard in Resources */ = {isa = PBXBuildFile; fileRef = 514201532437B4B40078DB4F /* Main.storyboard */; };
		514201582437B4B40078DB4F /* main.m in Sources */ = {isa = PBXBuildFile; fileRef = 514201572437B4B40078DB4F /* main.m */; };
		54B6647AC34F1E5CCB747F5A /* libPods-Acacia-macOS.a in Frameworks */ = {isa = PBXBuildFile; fileRef = FDF97E0D884ED3588EFDAA13 /* libPods-Acacia-macOS.a */; };
		8E173C95003F8603F5A895DC /* PrivacyInfo.xcprivacy in Resources */ = {isa = PBXBuildFile; fileRef = 2185E252EF00F8121E8B571B /* PrivacyInfo.xcprivacy */; };
		A10000000000000000000001 /* PDFKit.framework in Frameworks */ = {isa = PBXBuildFile; fileRef = A10000000000000000000008 /* PDFKit.framework */; };
		A10000000000000000000002 /* PdfKitBridge.mm in Sources */ = {isa = PBXBuildFile; fileRef = A10000000000000000000005 /* PdfKitBridge.mm */; };
		A10000000000000000000003 /* PdfCanvasViewManager.mm in Sources */ = {isa = PBXBuildFile; fileRef = A10000000000000000000007 /* PdfCanvasViewManager.mm */; };
		A20000000000000000000001 /* PdfKitSmokeTests.m in Sources */ = {isa = PBXBuildFile; fileRef = A20000000000000000000002 /* PdfKitSmokeTests.m */; };
		A30000000000000000000001 /* PDFViewerUITests.m in Sources */ = {isa = PBXBuildFile; fileRef = A30000000000000000000002 /* PDFViewerUITests.m */; };
		D20000000000000000000001 /* AcaciaStoreKit.swift in Sources */ = {isa = PBXBuildFile; fileRef = D20000000000000000000002 /* AcaciaStoreKit.swift */; };
		D20000000000000000000003 /* AcaciaStoreKitBridge.m in Sources */ = {isa = PBXBuildFile; fileRef = D20000000000000000000004 /* AcaciaStoreKitBridge.m */; };
		E20000000000000000000001 /* AcaciaConfig.swift in Sources */ = {isa = PBXBuildFile; fileRef = E20000000000000000000002 /* AcaciaConfig.swift */; };
		E20000000000000000000003 /* AcaciaConfigBridge.m in Sources */ = {isa = PBXBuildFile; fileRef = E20000000000000000000004 /* AcaciaConfigBridge.m */; };
		E20000000000000000000005 /* AcaciaAuth.swift in Sources */ = {isa = PBXBuildFile; fileRef = E20000000000000000000006 /* AcaciaAuth.swift */; };
		E20000000000000000000007 /* AcaciaAuthBridge.m in Sources */ = {isa = PBXBuildFile; fileRef = E20000000000000000000008 /* AcaciaAuthBridge.m */; };
/* End PBXBuildFile section */

/* Begin PBXContainerItemProxy section */
		A30000000000000000000013 /* PBXContainerItemProxy */ = {
			isa = PBXContainerItemProxy;
			containerPortal = 83CBB9F71A601CBA00E9B192 /* Project object */;
			proxyType = 1;
			remoteGlobalIDString = 514201482437B4B30078DB4F;
			remoteInfo = "PDFViewer-macOS";
		};
/* End PBXContainerItemProxy section */

/* Begin PBXFileReference section */
		0E9D1560E313BD1812357D71 /* Pods-Acacia-macOS.release.xcconfig */ = {isa = PBXFileReference; includeInIndex = 1; lastKnownFileType = text.xcconfig; name = "Pods-Acacia-macOS.release.xcconfig"; path = "Target Support Files/Pods-Acacia-macOS/Pods-Acacia-macOS.release.xcconfig"; sourceTree = "<group>"; };
		13B07F961A680F5B00A75B9A /* Acacia.app */ = {isa = PBXFileReference; explicitFileType = wrapper.application; includeInIndex = 0; path = Acacia.app; sourceTree = BUILT_PRODUCTS_DIR; };
		2185E252EF00F8121E8B571B /* PrivacyInfo.xcprivacy */ = {isa = PBXFileReference; includeInIndex = 1; lastKnownFileType = text.xml; path = PrivacyInfo.xcprivacy; sourceTree = "<group>"; };
		514201492437B4B30078DB4F /* Acacia.app */ = {isa = PBXFileReference; explicitFileType = wrapper.application; includeInIndex = 0; path = Acacia.app; sourceTree = BUILT_PRODUCTS_DIR; };
		5142014B2437B4B30078DB4F /* AppDelegate.h */ = {isa = PBXFileReference; lastKnownFileType = sourcecode.c.h; path = AppDelegate.h; sourceTree = "<group>"; };
		5142014C2437B4B30078DB4F /* AppDelegate.mm */ = {isa = PBXFileReference; lastKnownFileType = sourcecode.cpp.objcpp; path = AppDelegate.mm; sourceTree = "<group>"; };
		514201512437B4B40078DB4F /* Assets.xcassets */ = {isa = PBXFileReference; lastKnownFileType = folder.assetcatalog; path = Assets.xcassets; sourceTree = "<group>"; };
		514201542437B4B40078DB4F /* Base */ = {isa = PBXFileReference; lastKnownFileType = file.storyboard; name = Base; path = Base.lproj/Main.storyboard; sourceTree = "<group>"; };
		514201562437B4B40078DB4F /* Info.plist */ = {isa = PBXFileReference; lastKnownFileType = text.plist.xml; path = Info.plist; sourceTree = "<group>"; };
		514201572437B4B40078DB4F /* main.m */ = {isa = PBXFileReference; lastKnownFileType = sourcecode.c.objc; path = main.m; sourceTree = "<group>"; };
		514201592437B4B40078DB4F /* PDFViewer.entitlements */ = {isa = PBXFileReference; lastKnownFileType = text.plist.entitlements; path = PDFViewer.entitlements; sourceTree = "<group>"; };
		A10000000000000000000004 /* PdfKitBridge.h */ = {isa = PBXFileReference; lastKnownFileType = sourcecode.c.h; path = PdfKitBridge.h; sourceTree = "<group>"; };
		A10000000000000000000005 /* PdfKitBridge.mm */ = {isa = PBXFileReference; lastKnownFileType = sourcecode.cpp.objcpp; path = PdfKitBridge.mm; sourceTree = "<group>"; };
		A10000000000000000000006 /* PdfCanvasViewManager.h */ = {isa = PBXFileReference; lastKnownFileType = sourcecode.c.h; path = PdfCanvasViewManager.h; sourceTree = "<group>"; };
		A10000000000000000000007 /* PdfCanvasViewManager.mm */ = {isa = PBXFileReference; lastKnownFileType = sourcecode.cpp.objcpp; path = PdfCanvasViewManager.mm; sourceTree = "<group>"; };
		A10000000000000000000008 /* PDFKit.framework */ = {isa = PBXFileReference; lastKnownFileType = wrapper.framework; name = PDFKit.framework; path = System/Library/Frameworks/PDFKit.framework; sourceTree = SDKROOT; };
		A20000000000000000000002 /* PdfKitSmokeTests.m */ = {isa = PBXFileReference; lastKnownFileType = sourcecode.c.objc; path = PdfKitSmokeTests.m; sourceTree = "<group>"; };
		A20000000000000000000003 /* Acacia-macOSTests.xctest */ = {isa = PBXFileReference; explicitFileType = wrapper.cfbundle; includeInIndex = 0; path = "Acacia-macOSTests.xctest"; sourceTree = BUILT_PRODUCTS_DIR; };
		A30000000000000000000002 /* PDFViewerUITests.m */ = {isa = PBXFileReference; lastKnownFileType = sourcecode.c.objc; path = PDFViewerUITests.m; sourceTree = "<group>"; };
		A30000000000000000000003 /* Acacia-macOSUITests.xctest */ = {isa = PBXFileReference; explicitFileType = wrapper.cfbundle; includeInIndex = 0; path = "Acacia-macOSUITests.xctest"; sourceTree = BUILT_PRODUCTS_DIR; };
		AF64789DE074C74F3D925D89 /* Pods-Acacia-macOS.debug.xcconfig */ = {isa = PBXFileReference; includeInIndex = 1; lastKnownFileType = text.xcconfig; name = "Pods-Acacia-macOS.debug.xcconfig"; path = "Target Support Files/Pods-Acacia-macOS/Pods-Acacia-macOS.debug.xcconfig"; sourceTree = "<group>"; };
		C3FA98074FC4EA524C3584CD /* Pods-PDFViewer-macOS.debug.xcconfig */ = {isa = PBXFileReference; includeInIndex = 1; lastKnownFileType = text.xcconfig; name = "Pods-PDFViewer-macOS.debug.xcconfig"; path = "Target Support Files/Pods-PDFViewer-macOS/Pods-PDFViewer-macOS.debug.xcconfig"; sourceTree = "<group>"; };
		C576218D4E89CA42B385CB2E /* Pods-PDFViewer-macOS.release.xcconfig */ = {isa = PBXFileReference; includeInIndex = 1; lastKnownFileType = text.xcconfig; name = "Pods-PDFViewer-macOS.release.xcconfig"; path = "Target Support Files/Pods-PDFViewer-macOS/Pods-PDFViewer-macOS.release.xcconfig"; sourceTree = "<group>"; };
		D20000000000000000000002 /* AcaciaStoreKit.swift */ = {isa = PBXFileReference; lastKnownFileType = sourcecode.swift; path = AcaciaStoreKit.swift; sourceTree = "<group>"; };
		D20000000000000000000004 /* AcaciaStoreKitBridge.m */ = {isa = PBXFileReference; lastKnownFileType = sourcecode.c.objc; path = AcaciaStoreKitBridge.m; sourceTree = "<group>"; };
		E20000000000000000000002 /* AcaciaConfig.swift */ = {isa = PBXFileReference; lastKnownFileType = sourcecode.swift; path = AcaciaConfig.swift; sourceTree = "<group>"; };
		E20000000000000000000004 /* AcaciaConfigBridge.m */ = {isa = PBXFileReference; lastKnownFileType = sourcecode.c.objc; path = AcaciaConfigBridge.m; sourceTree = "<group>"; };
		E20000000000000000000006 /* AcaciaAuth.swift */ = {isa = PBXFileReference; lastKnownFileType = sourcecode.swift; path = AcaciaAuth.swift; sourceTree = "<group>"; };
		E20000000000000000000008 /* AcaciaAuthBridge.m */ = {isa = PBXFileReference; lastKnownFileType = sourcecode.c.objc; path = AcaciaAuthBridge.m; sourceTree = "<group>"; };
		ED297162215061F000B7C4FE /* JavaScriptCore.framework */ = {isa = PBXFileReference; lastKnownFileType = wrapper.framework; name = JavaScriptCore.framework; path = System/Library/Frameworks/JavaScriptCore.framework; sourceTree = SDKROOT; };
		FDF97E0D884ED3588EFDAA13 /* libPods-Acacia-macOS.a */ = {isa = PBXFileReference; explicitFileType = archive.ar; includeInIndex = 0; path = "libPods-Acacia-macOS.a"; sourceTree = BUILT_PRODUCTS_DIR; };
/* End PBXFileReference section */

/* Begin PBXFrameworksBuildPhase section */
		13B07F8C1A680F5B00A75B9A /* Frameworks */ = {
			isa = PBXFrameworksBuildPhase;
			buildActionMask = 2147483647;
			files = (
			);
			runOnlyForDeploymentPostprocessing = 0;
		};
		514201462437B4B30078DB4F /* Frameworks */ = {
			isa = PBXFrameworksBuildPhase;
			buildActionMask = 2147483647;
			files = (
				A10000000000000000000001 /* PDFKit.framework in Frameworks */,
				54B6647AC34F1E5CCB747F5A /* libPods-Acacia-macOS.a in Frameworks */,
			);
			runOnlyForDeploymentPostprocessing = 0;
		};
		A20000000000000000000004 /* Frameworks */ = {
			isa = PBXFrameworksBuildPhase;
			buildActionMask = 2147483647;
			files = (
			);
			runOnlyForDeploymentPostprocessing = 0;
		};
		A30000000000000000000004 /* Frameworks */ = {
			isa = PBXFrameworksBuildPhase;
			buildActionMask = 2147483647;
			files = (
			);
			runOnlyForDeploymentPostprocessing = 0;
		};
/* End PBXFrameworksBuildPhase section */

/* Begin PBXGroup section */
		2D16E6871FA4F8E400B85C8A /* Frameworks */ = {
			isa = PBXGroup;
			children = (
				ED297162215061F000B7C4FE /* JavaScriptCore.framework */,
				A10000000000000000000008 /* PDFKit.framework */,
				FDF97E0D884ED3588EFDAA13 /* libPods-Acacia-macOS.a */,
			);
			name = Frameworks;
			sourceTree = "<group>";
		};
		38638FC5AF0AF15864445965 /* Pods */ = {
			isa = PBXGroup;
			children = (
				C3FA98074FC4EA524C3584CD /* Pods-PDFViewer-macOS.debug.xcconfig */,
				C576218D4E89CA42B385CB2E /* Pods-PDFViewer-macOS.release.xcconfig */,
				AF64789DE074C74F3D925D89 /* Pods-Acacia-macOS.debug.xcconfig */,
				0E9D1560E313BD1812357D71 /* Pods-Acacia-macOS.release.xcconfig */,
			);
			path = Pods;
			sourceTree = "<group>";
		};
		5142014A2437B4B30078DB4F /* PDFViewer-macOS */ = {
			isa = PBXGroup;
			children = (
				5142014B2437B4B30078DB4F /* AppDelegate.h */,
				5142014C2437B4B30078DB4F /* AppDelegate.mm */,
				D20000000000000000000002 /* AcaciaStoreKit.swift */,
				D20000000000000000000004 /* AcaciaStoreKitBridge.m */,
				E20000000000000000000002 /* AcaciaConfig.swift */,
				E20000000000000000000004 /* AcaciaConfigBridge.m */,
				E20000000000000000000006 /* AcaciaAuth.swift */,
				E20000000000000000000008 /* AcaciaAuthBridge.m */,
				A10000000000000000000004 /* PdfKitBridge.h */,
				A10000000000000000000005 /* PdfKitBridge.mm */,
				A10000000000000000000006 /* PdfCanvasViewManager.h */,
				A10000000000000000000007 /* PdfCanvasViewManager.mm */,
				514201512437B4B40078DB4F /* Assets.xcassets */,
				514201532437B4B40078DB4F /* Main.storyboard */,
				514201562437B4B40078DB4F /* Info.plist */,
				514201572437B4B40078DB4F /* main.m */,
				514201592437B4B40078DB4F /* PDFViewer.entitlements */,
			);
			path = "PDFViewer-macOS";
			sourceTree = "<group>";
		};
		832341AE1AAA6A7D00B99B32 /* Libraries */ = {
			isa = PBXGroup;
			children = (
			);
			name = Libraries;
			sourceTree = "<group>";
		};
		83CBB9F61A601CBA00E9B192 = {
			isa = PBXGroup;
			children = (
				5142014A2437B4B30078DB4F /* PDFViewer-macOS */,
				A20000000000000000000007 /* PDFViewer-macOSTests */,
				A30000000000000000000007 /* PDFViewer-macOSUITests */,
				832341AE1AAA6A7D00B99B32 /* Libraries */,
				83CBBA001A601CBA00E9B192 /* Products */,
				2D16E6871FA4F8E400B85C8A /* Frameworks */,
				2185E252EF00F8121E8B571B /* PrivacyInfo.xcprivacy */,
				38638FC5AF0AF15864445965 /* Pods */,
			);
			indentWidth = 2;
			sourceTree = "<group>";
			tabWidth = 2;
			usesTabs = 0;
		};
		83CBBA001A601CBA00E9B192 /* Products */ = {
			isa = PBXGroup;
			children = (
				13B07F961A680F5B00A75B9A /* Acacia.app */,
				514201492437B4B30078DB4F /* Acacia.app */,
				A20000000000000000000003 /* Acacia-macOSTests.xctest */,
				A30000000000000000000003 /* Acacia-macOSUITests.xctest */,
			);
			name = Products;
			sourceTree = "<group>";
		};
		A20000000000000000000007 /* PDFViewer-macOSTests */ = {
			isa = PBXGroup;
			children = (
				A20000000000000000000002 /* PdfKitSmokeTests.m */,
			);
			path = "PDFViewer-macOSTests";
			sourceTree = "<group>";
		};
		A30000000000000000000007 /* PDFViewer-macOSUITests */ = {
			isa = PBXGroup;
			children = (
				A30000000000000000000002 /* PDFViewerUITests.m */,
			);
			path = "PDFViewer-macOSUITests";
			sourceTree = "<group>";
		};
/* End PBXGroup section */

/* Begin PBXNativeTarget section */
		13B07F861A680F5B00A75B9A /* Acacia-iOS */ = {
			isa = PBXNativeTarget;
			buildConfigurationList = 13B07F931A680F5B00A75B9A /* Build configuration list for PBXNativeTarget "Acacia-iOS" */;
			buildPhases = (
				13B07F871A680F5B00A75B9A /* Sources */,
				13B07F8C1A680F5B00A75B9A /* Frameworks */,
				13B07F8E1A680F5B00A75B9A /* Resources */,
				00DD1BFF1BD5951E006B06BC /* Bundle React Native code and images */,
			);
			buildRules = (
			);
			dependencies = (
			);
			name = "Acacia-iOS";
			productName = PDFViewer;
			productReference = 13B07F961A680F5B00A75B9A /* Acacia.app */;
			productType = "com.apple.product-type.application";
		};
		514201482437B4B30078DB4F /* Acacia-macOS */ = {
			isa = PBXNativeTarget;
			buildConfigurationList = 5142015A2437B4B40078DB4F /* Build configuration list for PBXNativeTarget "Acacia-macOS" */;
			buildPhases = (
				1A938104A937498D81B3BD3B /* [CP] Check Pods Manifest.lock */,
				514201452437B4B30078DB4F /* Sources */,
				514201462437B4B30078DB4F /* Frameworks */,
				514201472437B4B30078DB4F /* Resources */,
				381D8A6E24576A4E00465D17 /* Bundle React Native code and images */,
				479BE5BB77AA98E292E3343E /* [CP] Embed Pods Frameworks */,
				0B5083CCB28456305328C5B6 /* [CP] Copy Pods Resources */,
			);
			buildRules = (
			);
			dependencies = (
			);
			name = "Acacia-macOS";
			productName = PDFViewer;
			productReference = 514201492437B4B30078DB4F /* Acacia.app */;
			productType = "com.apple.product-type.application";
		};
		A20000000000000000000008 /* Acacia-macOSTests */ = {
			isa = PBXNativeTarget;
			buildConfigurationList = A20000000000000000000009 /* Build configuration list for PBXNativeTarget "Acacia-macOSTests" */;
			buildPhases = (
				A20000000000000000000005 /* Sources */,
				A20000000000000000000004 /* Frameworks */,
				A20000000000000000000006 /* Resources */,
			);
			buildRules = (
			);
			dependencies = (
			);
			name = "Acacia-macOSTests";
			productName = "PDFViewer-macOSTests";
			productReference = A20000000000000000000003 /* Acacia-macOSTests.xctest */;
			productType = "com.apple.product-type.bundle.unit-test";
		};
		A30000000000000000000008 /* Acacia-macOSUITests */ = {
			isa = PBXNativeTarget;
			buildConfigurationList = A30000000000000000000009 /* Build configuration list for PBXNativeTarget "Acacia-macOSUITests" */;
			buildPhases = (
				A30000000000000000000005 /* Sources */,
				A30000000000000000000004 /* Frameworks */,
				A30000000000000000000006 /* Resources */,
			);
			buildRules = (
			);
			dependencies = (
				A30000000000000000000012 /* PBXTargetDependency */,
			);
			name = "Acacia-macOSUITests";
			productName = "PDFViewer-macOSUITests";
			productReference = A30000000000000000000003 /* Acacia-macOSUITests.xctest */;
			productType = "com.apple.product-type.bundle.ui-testing";
		};
/* End PBXNativeTarget section */

/* Begin PBXProject section */
		83CBB9F71A601CBA00E9B192 /* Project object */ = {
			isa = PBXProject;
			attributes = {
				BuildIndependentTargetsInParallel = YES;
				LastUpgradeCheck = 2630;
				TargetAttributes = {
					13B07F861A680F5B00A75B9A = {
						LastSwiftMigration = 1120;
					};
					514201482437B4B30078DB4F = {
						CreatedOnToolsVersion = 11.4;
						ProvisioningStyle = Automatic;
					};
					A20000000000000000000008 = {
						CreatedOnToolsVersion = 16.0;
						TestTargetID = 514201482437B4B30078DB4F;
					};
					A30000000000000000000008 = {
						CreatedOnToolsVersion = 16.0;
						TestTargetID = 514201482437B4B30078DB4F;
					};
				};
			};
			buildConfigurationList = 83CBB9FA1A601CBA00E9B192 /* Build configuration list for PBXProject "Acacia" */;
			compatibilityVersion = "Xcode 3.2";
			developmentRegion = en;
			hasScannedForEncodings = 0;
			knownRegions = (
				en,
				Base,
			);
			mainGroup = 83CBB9F61A601CBA00E9B192;
			productRefGroup = 83CBBA001A601CBA00E9B192 /* Products */;
			projectDirPath = "";
			projectRoot = "";
			targets = (
				13B07F861A680F5B00A75B9A /* Acacia-iOS */,
				514201482437B4B30078DB4F /* Acacia-macOS */,
				A20000000000000000000008 /* Acacia-macOSTests */,
				A30000000000000000000008 /* Acacia-macOSUITests */,
			);
		};
/* End PBXProject section */

/* Begin PBXResourcesBuildPhase section */
		13B07F8E1A680F5B00A75B9A /* Resources */ = {
			isa = PBXResourcesBuildPhase;
			buildActionMask = 2147483647;
			files = (
				8E173C95003F8603F5A895DC /* PrivacyInfo.xcprivacy in Resources */,
			);
			runOnlyForDeploymentPostprocessing = 0;
		};
		514201472437B4B30078DB4F /* Resources */ = {
			isa = PBXResourcesBuildPhase;
			buildActionMask = 2147483647;
			files = (
				514201522437B4B40078DB4F /* Assets.xcassets in Resources */,
				514201552437B4B40078DB4F /* Main.storyboard in Resources */,
				14934468C876926438CBDCD3 /* PrivacyInfo.xcprivacy in Resources */,
			);
			runOnlyForDeploymentPostprocessing = 0;
		};
		A20000000000000000000006 /* Resources */ = {
			isa = PBXResourcesBuildPhase;
			buildActionMask = 2147483647;
			files = (
			);
			runOnlyForDeploymentPostprocessing = 0;
		};
		A30000000000000000000006 /* Resources */ = {
			isa = PBXResourcesBuildPhase;
			buildActionMask = 2147483647;
			files = (
			);
			runOnlyForDeploymentPostprocessing = 0;
		};
/* End PBXResourcesBuildPhase section */

/* Begin PBXShellScriptBuildPhase section */
		00DD1BFF1BD5951E006B06BC /* Bundle React Native code and images */ = {
			isa = PBXShellScriptBuildPhase;
			buildActionMask = 2147483647;
			files = (
			);
			inputPaths = (
			);
			name = "Bundle React Native code and images";
			outputPaths = (
			);
			runOnlyForDeploymentPostprocessing = 0;
			shellPath = /bin/sh;
			shellScript = "RESOLVED_NODE_BINARY=\"$(${PROJECT_DIR}/../scripts/resolve-node-binary.sh)\"\nif [ -z \"${NODE_BINARY:-}\" ] || ! command -v \"$NODE_BINARY\" >/dev/null 2>&1; then\n  export NODE_BINARY=\"$RESOLVED_NODE_BINARY\"\nfi\nif [ \"${PLATFORM_NAME:-}\" = \"macosx\" ]; then\n  case \"${CONFIGURATION:-}\" in\n    *Debug*)\n      if [ \"${ACACIA_USE_METRO:-0}\" != \"1\" ]; then\n        export FORCE_BUNDLING=1\n      fi\n      ;;\n  esac\nfi\n../node_modules/react-native-macos/scripts/react-native-xcode.sh\n";
		};
		0B5083CCB28456305328C5B6 /* [CP] Copy Pods Resources */ = {
			isa = PBXShellScriptBuildPhase;
			buildActionMask = 2147483647;
			files = (
			);
			inputPaths = (
				"${PODS_ROOT}/Target Support Files/Pods-Acacia-macOS/Pods-Acacia-macOS-resources.sh",
				"${PODS_CONFIGURATION_BUILD_DIR}/RCT-Folly/RCT-Folly_privacy.bundle",
				"${PODS_CONFIGURATION_BUILD_DIR}/RNSVG/RNSVGFilters.bundle",
				"${PODS_CONFIGURATION_BUILD_DIR}/React-Core/React-Core_privacy.bundle",
				"${PODS_CONFIGURATION_BUILD_DIR}/React-cxxreact/React-cxxreact_privacy.bundle",
				"${PODS_CONFIGURATION_BUILD_DIR}/boost/boost_privacy.bundle",
				"${PODS_CONFIGURATION_BUILD_DIR}/glog/glog_privacy.bundle",
			);
			name = "[CP] Copy Pods Resources";
			outputPaths = (
				"${TARGET_BUILD_DIR}/${UNLOCALIZED_RESOURCES_FOLDER_PATH}/RCT-Folly_privacy.bundle",
				"${TARGET_BUILD_DIR}/${UNLOCALIZED_RESOURCES_FOLDER_PATH}/RNSVGFilters.bundle",
				"${TARGET_BUILD_DIR}/${UNLOCALIZED_RESOURCES_FOLDER_PATH}/React-Core_privacy.bundle",
				"${TARGET_BUILD_DIR}/${UNLOCALIZED_RESOURCES_FOLDER_PATH}/React-cxxreact_privacy.bundle",
				"${TARGET_BUILD_DIR}/${UNLOCALIZED_RESOURCES_FOLDER_PATH}/boost_privacy.bundle",
				"${TARGET_BUILD_DIR}/${UNLOCALIZED_RESOURCES_FOLDER_PATH}/glog_privacy.bundle",
			);
			runOnlyForDeploymentPostprocessing = 0;
			shellPath = /bin/sh;
			shellScript = "\"${PODS_ROOT}/Target Support Files/Pods-Acacia-macOS/Pods-Acacia-macOS-resources.sh\"\n";
			showEnvVarsInLog = 0;
		};
		1A938104A937498D81B3BD3B /* [CP] Check Pods Manifest.lock */ = {
			isa = PBXShellScriptBuildPhase;
			buildActionMask = 2147483647;
			files = (
			);
			inputFileListPaths = (
			);
			inputPaths = (
				"${PODS_PODFILE_DIR_PATH}/Podfile.lock",
				"${PODS_ROOT}/Manifest.lock",
			);
			name = "[CP] Check Pods Manifest.lock";
			outputFileListPaths = (
			);
			outputPaths = (
				"$(DERIVED_FILE_DIR)/Pods-Acacia-macOS-checkManifestLockResult.txt",
			);
			runOnlyForDeploymentPostprocessing = 0;
			shellPath = /bin/sh;
			shellScript = "diff \"${PODS_PODFILE_DIR_PATH}/Podfile.lock\" \"${PODS_ROOT}/Manifest.lock\" > /dev/null\nif [ $? != 0 ] ; then\n    # print error to STDERR\n    echo \"error: The sandbox is not in sync with the Podfile.lock. Run 'pod install' or update your CocoaPods installation.\" >&2\n    exit 1\nfi\n# This output is used by Xcode 'outputs' to avoid re-running this script phase.\necho \"SUCCESS\" > \"${SCRIPT_OUTPUT_FILE_0}\"\n";
			showEnvVarsInLog = 0;
		};
		381D8A6E24576A4E00465D17 /* Bundle React Native code and images */ = {
			isa = PBXShellScriptBuildPhase;
			buildActionMask = 2147483647;
			files = (
			);
			inputFileListPaths = (
			);
			inputPaths = (
			);
			name = "Bundle React Native code and images";
			outputFileListPaths = (
			);
			outputPaths = (
			);
			runOnlyForDeploymentPostprocessing = 0;
			shellPath = /bin/sh;
			shellScript = "RESOLVED_NODE_BINARY=\"$(${PROJECT_DIR}/../scripts/resolve-node-binary.sh)\"\nif [ -z \"${NODE_BINARY:-}\" ] || ! command -v \"$NODE_BINARY\" >/dev/null 2>&1; then\n  export NODE_BINARY=\"$RESOLVED_NODE_BINARY\"\nfi\nif [ \"${PLATFORM_NAME:-}\" = \"macosx\" ]; then\n  case \"${CONFIGURATION:-}\" in\n    *Debug*)\n      if [ \"${ACACIA_USE_METRO:-0}\" != \"1\" ]; then\n        export FORCE_BUNDLING=1\n      fi\n      ;;\n  esac\nfi\n../node_modules/react-native-macos/scripts/react-native-xcode.sh\n";
		};
		479BE5BB77AA98E292E3343E /* [CP] Embed Pods Frameworks */ = {
			isa = PBXShellScriptBuildPhase;
			buildActionMask = 2147483647;
			files = (
			);
			inputPaths = (
				"${PODS_ROOT}/Target Support Files/Pods-Acacia-macOS/Pods-Acacia-macOS-frameworks.sh",
				"${PODS_ROOT}/hermes-engine/destroot/Library/Frameworks/macosx/hermes.framework",
			);
			name = "[CP] Embed Pods Frameworks";
			outputPaths = (
				"${TARGET_BUILD_DIR}/${FRAMEWORKS_FOLDER_PATH}/hermes.framework",
			);
			runOnlyForDeploymentPostprocessing = 0;
			shellPath = /bin/sh;
			shellScript = "\"${PODS_ROOT}/Target Support Files/Pods-Acacia-macOS/Pods-Acacia-macOS-frameworks.sh\"\n";
			showEnvVarsInLog = 0;
		};
/* End PBXShellScriptBuildPhase section */

/* Begin PBXSourcesBuildPhase section */
		13B07F871A680F5B00A75B9A /* Sources */ = {
			isa = PBXSourcesBuildPhase;
			buildActionMask = 2147483647;
			files = (
			);
			runOnlyForDeploymentPostprocessing = 0;
		};
		514201452437B4B30078DB4F /* Sources */ = {
			isa = PBXSourcesBuildPhase;
			buildActionMask = 2147483647;
			files = (
				D20000000000000000000001 /* AcaciaStoreKit.swift in Sources */,
				D20000000000000000000003 /* AcaciaStoreKitBridge.m in Sources */,
				E20000000000000000000001 /* AcaciaConfig.swift in Sources */,
				E20000000000000000000003 /* AcaciaConfigBridge.m in Sources */,
				E20000000000000000000005 /* AcaciaAuth.swift in Sources */,
				E20000000000000000000007 /* AcaciaAuthBridge.m in Sources */,
				A10000000000000000000003 /* PdfCanvasViewManager.mm in Sources */,
				A10000000000000000000002 /* PdfKitBridge.mm in Sources */,
				514201582437B4B40078DB4F /* main.m in Sources */,
				5142014D2437B4B30078DB4F /* AppDelegate.mm in Sources */,
			);
			runOnlyForDeploymentPostprocessing = 0;
		};
		A20000000000000000000005 /* Sources */ = {
			isa = PBXSourcesBuildPhase;
			buildActionMask = 2147483647;
			files = (
				A20000000000000000000001 /* PdfKitSmokeTests.m in Sources */,
			);
			runOnlyForDeploymentPostprocessing = 0;
		};
		A30000000000000000000005 /* Sources */ = {
			isa = PBXSourcesBuildPhase;
			buildActionMask = 2147483647;
			files = (
				A30000000000000000000001 /* PDFViewerUITests.m in Sources */,
			);
			runOnlyForDeploymentPostprocessing = 0;
		};
/* End PBXSourcesBuildPhase section */

/* Begin PBXTargetDependency section */
		A30000000000000000000012 /* PBXTargetDependency */ = {
			isa = PBXTargetDependency;
			target = 514201482437B4B30078DB4F /* Acacia-macOS */;
			targetProxy = A30000000000000000000013 /* PBXContainerItemProxy */;
		};
/* End PBXTargetDependency section */

/* Begin PBXVariantGroup section */
		514201532437B4B40078DB4F /* Main.storyboard */ = {
			isa = PBXVariantGroup;
			children = (
				514201542437B4B40078DB4F /* Base */,
			);
			name = Main.storyboard;
			sourceTree = "<group>";
		};
/* End PBXVariantGroup section */

/* Begin XCBuildConfiguration section */
		13B07F941A680F5B00A75B9A /* Debug */ = {
			isa = XCBuildConfiguration;
			buildSettings = {
				ASSETCATALOG_COMPILER_APPICON_NAME = AppIcon;
				CLANG_ENABLE_MODULES = YES;
				CURRENT_PROJECT_VERSION = 1;
				DEVELOPMENT_TEAM = WFTX6CN23F;
				ENABLE_BITCODE = NO;
				INFOPLIST_FILE = "PDFViewer-iOS/Info.plist";
				LD_RUNPATH_SEARCH_PATHS = (
					"$(inherited)",
					"@executable_path/Frameworks",
				);
				OTHER_LDFLAGS = (
					"$(inherited)",
					"-ObjC",
					"-lc++",
				);
				PRODUCT_BUNDLE_IDENTIFIER = com.benebsworth.acacia;
				PRODUCT_NAME = Acacia;
				SWIFT_OPTIMIZATION_LEVEL = "-Onone";
				SWIFT_VERSION = 5.0;
				VERSIONING_SYSTEM = "apple-generic";
			};
			name = Debug;
		};
		13B07F951A680F5B00A75B9A /* Release */ = {
			isa = XCBuildConfiguration;
			buildSettings = {
				ASSETCATALOG_COMPILER_APPICON_NAME = AppIcon;
				CLANG_ENABLE_MODULES = YES;
				CURRENT_PROJECT_VERSION = 1;
				DEVELOPMENT_TEAM = WFTX6CN23F;
				INFOPLIST_FILE = "PDFViewer-iOS/Info.plist";
				LD_RUNPATH_SEARCH_PATHS = (
					"$(inherited)",
					"@executable_path/Frameworks",
				);
				OTHER_LDFLAGS = (
					"$(inherited)",
					"-ObjC",
					"-lc++",
				);
				PRODUCT_BUNDLE_IDENTIFIER = com.benebsworth.acacia;
				PRODUCT_NAME = Acacia;
				SWIFT_VERSION = 5.0;
				VERSIONING_SYSTEM = "apple-generic";
			};
			name = Release;
		};
		5142015B2437B4B40078DB4F /* Debug */ = {
			isa = XCBuildConfiguration;
			baseConfigurationReference = AF64789DE074C74F3D925D89 /* Pods-Acacia-macOS.debug.xcconfig */;
			buildSettings = {
				ASSETCATALOG_COMPILER_APPICON_NAME = AppIcon;
				CLANG_ENABLE_MODULES = YES;
				CODE_SIGN_ENTITLEMENTS = "PDFViewer-macOS/PDFViewer.entitlements";
				"CODE_SIGN_IDENTITY[sdk=macosx*]" = "Apple Development";
				CURRENT_PROJECT_VERSION = 1;
				DEAD_CODE_STRIPPING = YES;
				DEVELOPMENT_TEAM = WFTX6CN23F;
				ENABLE_APP_SANDBOX = YES;
				ENABLE_OUTGOING_NETWORK_CONNECTIONS = YES;
				ENABLE_USER_SELECTED_FILES = readwrite;
				INFOPLIST_FILE = "PDFViewer-macos/Info.plist";
				INFOPLIST_KEY_LSApplicationCategoryType = "public.app-category.productivity";
				LD_RUNPATH_SEARCH_PATHS = (
					"$(inherited)",
					"@executable_path/Frameworks",
				);
				MACOSX_DEPLOYMENT_TARGET = 14.0;
				MARKETING_VERSION = 1.0.4;
				OTHER_LDFLAGS = (
					"$(inherited)",
					"-ObjC",
					"-lc++",
				);
				PRODUCT_BUNDLE_IDENTIFIER = com.benebsworth.acacia;
				PRODUCT_NAME = Acacia;
				SDKROOT = macosx;
				SWIFT_OPTIMIZATION_LEVEL = "-Onone";
				SWIFT_VERSION = 5.0;
			};
			name = Debug;
		};
		5142015C2437B4B40078DB4F /* Release */ = {
			isa = XCBuildConfiguration;
			baseConfigurationReference = 0E9D1560E313BD1812357D71 /* Pods-Acacia-macOS.release.xcconfig */;
			buildSettings = {
				ASSETCATALOG_COMPILER_APPICON_NAME = AppIcon;
				CLANG_ENABLE_MODULES = YES;
				CODE_SIGN_ENTITLEMENTS = "PDFViewer-macOS/PDFViewer.entitlements";
				"CODE_SIGN_IDENTITY[sdk=macosx*]" = "Apple Development";
				CURRENT_PROJECT_VERSION = 1;
				DEAD_CODE_STRIPPING = YES;
				DEVELOPMENT_TEAM = WFTX6CN23F;
				ENABLE_APP_SANDBOX = YES;
				ENABLE_OUTGOING_NETWORK_CONNECTIONS = YES;
				ENABLE_USER_SELECTED_FILES = readwrite;
				INFOPLIST_FILE = "PDFViewer-macos/Info.plist";
				INFOPLIST_KEY_LSApplicationCategoryType = "public.app-category.productivity";
				LD_RUNPATH_SEARCH_PATHS = (
					"$(inherited)",
					"@executable_path/Frameworks",
				);
				MACOSX_DEPLOYMENT_TARGET = 14.0;
				MARKETING_VERSION = 1.0.4;
				OTHER_LDFLAGS = (
					"$(inherited)",
					"-ObjC",
					"-lc++",
				);
				PRODUCT_BUNDLE_IDENTIFIER = com.benebsworth.acacia;
				PRODUCT_NAME = Acacia;
				SDKROOT = macosx;
				SWIFT_VERSION = 5.0;
			};
			name = Release;
		};
		83CBBA201A601CBA00E9B192 /* Debug */ = {
			isa = XCBuildConfiguration;
			buildSettings = {
				ALWAYS_SEARCH_USER_PATHS = NO;
				CLANG_ANALYZER_LOCALIZABILITY_NONLOCALIZED = YES;
				CLANG_CXX_LANGUAGE_STANDARD = "c++20";
				CLANG_CXX_LIBRARY = "libc++";
				CLANG_ENABLE_MODULES = YES;
				CLANG_ENABLE_OBJC_ARC = YES;
				CLANG_WARN_BLOCK_CAPTURE_AUTORELEASING = YES;
				CLANG_WARN_BOOL_CONVERSION = YES;
				CLANG_WARN_COMMA = YES;
				CLANG_WARN_CONSTANT_CONVERSION = YES;
				CLANG_WARN_DEPRECATED_OBJC_IMPLEMENTATIONS = YES;
				CLANG_WARN_DIRECT_OBJC_ISA_USAGE = YES_ERROR;
				CLANG_WARN_EMPTY_BODY = YES;
				CLANG_WARN_ENUM_CONVERSION = YES;
				CLANG_WARN_INFINITE_RECURSION = YES;
				CLANG_WARN_INT_CONVERSION = YES;
				CLANG_WARN_NON_LITERAL_NULL_CONVERSION = YES;
				CLANG_WARN_OBJC_IMPLICIT_RETAIN_SELF = YES;
				CLANG_WARN_OBJC_LITERAL_CONVERSION = YES;
				CLANG_WARN_OBJC_ROOT_CLASS = YES_ERROR;
				CLANG_WARN_QUOTED_INCLUDE_IN_FRAMEWORK_HEADER = YES;
				CLANG_WARN_RANGE_LOOP_ANALYSIS = YES;
				CLANG_WARN_STRICT_PROTOTYPES = YES;
				CLANG_WARN_SUSPICIOUS_MOVE = YES;
				CLANG_WARN_UNREACHABLE_CODE = YES;
				CLANG_WARN__DUPLICATE_METHOD_MATCH = YES;
				"CODE_SIGN_IDENTITY[sdk=iphoneos*]" = "iPhone Developer";
				COPY_PHASE_STRIP = NO;
				ENABLE_STRICT_OBJC_MSGSEND = YES;
				ENABLE_TESTABILITY = YES;
				ENABLE_USER_SCRIPT_SANDBOXING = NO;
				GCC_C_LANGUAGE_STANDARD = gnu99;
				GCC_DYNAMIC_NO_PIC = NO;
				GCC_NO_COMMON_BLOCKS = YES;
				GCC_OPTIMIZATION_LEVEL = 0;
				GCC_PREPROCESSOR_DEFINITIONS = (
					"DEBUG=1",
					"$(inherited)",
				);
				GCC_SYMBOLS_PRIVATE_EXTERN = NO;
				GCC_WARN_64_TO_32_BIT_CONVERSION = YES;
				GCC_WARN_ABOUT_RETURN_TYPE = YES_ERROR;
				GCC_WARN_UNDECLARED_SELECTOR = YES;
				GCC_WARN_UNINITIALIZED_AUTOS = YES_AGGRESSIVE;
				GCC_WARN_UNUSED_FUNCTION = YES;
				GCC_WARN_UNUSED_VARIABLE = YES;
				IPHONEOS_DEPLOYMENT_TARGET = 12.0;
				LD_RUNPATH_SEARCH_PATHS = (
					/usr/lib/swift,
					"$(inherited)",
				);
				LIBRARY_SEARCH_PATHS = (
					"$(SDKROOT)/usr/lib/swift",
					"\"$(TOOLCHAIN_DIR)/usr/lib/swift/$(PLATFORM_NAME)\"",
					"\"$(inherited)\"",
				);
				MTL_ENABLE_DEBUG_INFO = YES;
				ONLY_ACTIVE_ARCH = YES;
				REACT_NATIVE_PATH = "${PODS_ROOT}/../../node_modules/react-native";
				SDKROOT = iphoneos;
				STRING_CATALOG_GENERATE_SYMBOLS = YES;
				SWIFT_ACTIVE_COMPILATION_CONDITIONS = "$(inherited) DEBUG";
				USE_HERMES = true;
			};
			name = Debug;
		};
		83CBBA211A601CBA00E9B192 /* Release */ = {
			isa = XCBuildConfiguration;
			buildSettings = {
				ALWAYS_SEARCH_USER_PATHS = NO;
				CLANG_ANALYZER_LOCALIZABILITY_NONLOCALIZED = YES;
				CLANG_CXX_LANGUAGE_STANDARD = "c++20";
				CLANG_CXX_LIBRARY = "libc++";
				CLANG_ENABLE_MODULES = YES;
				CLANG_ENABLE_OBJC_ARC = YES;
				CLANG_WARN_BLOCK_CAPTURE_AUTORELEASING = YES;
				CLANG_WARN_BOOL_CONVERSION = YES;
				CLANG_WARN_COMMA = YES;
				CLANG_WARN_CONSTANT_CONVERSION = YES;
				CLANG_WARN_DEPRECATED_OBJC_IMPLEMENTATIONS = YES;
				CLANG_WARN_DIRECT_OBJC_ISA_USAGE = YES_ERROR;
				CLANG_WARN_EMPTY_BODY = YES;
				CLANG_WARN_ENUM_CONVERSION = YES;
				CLANG_WARN_INFINITE_RECURSION = YES;
				CLANG_WARN_INT_CONVERSION = YES;
				CLANG_WARN_NON_LITERAL_NULL_CONVERSION = YES;
				CLANG_WARN_OBJC_IMPLICIT_RETAIN_SELF = YES;
				CLANG_WARN_OBJC_LITERAL_CONVERSION = YES;
				CLANG_WARN_OBJC_ROOT_CLASS = YES_ERROR;
				CLANG_WARN_QUOTED_INCLUDE_IN_FRAMEWORK_HEADER = YES;
				CLANG_WARN_RANGE_LOOP_ANALYSIS = YES;
				CLANG_WARN_STRICT_PROTOTYPES = YES;
				CLANG_WARN_SUSPICIOUS_MOVE = YES;
				CLANG_WARN_UNREACHABLE_CODE = YES;
				CLANG_WARN__DUPLICATE_METHOD_MATCH = YES;
				"CODE_SIGN_IDENTITY[sdk=iphoneos*]" = "iPhone Developer";
				COPY_PHASE_STRIP = YES;
				ENABLE_NS_ASSERTIONS = NO;
				ENABLE_STRICT_OBJC_MSGSEND = YES;
				ENABLE_USER_SCRIPT_SANDBOXING = NO;
				GCC_C_LANGUAGE_STANDARD = gnu99;
				GCC_NO_COMMON_BLOCKS = YES;
				GCC_WARN_64_TO_32_BIT_CONVERSION = YES;
				GCC_WARN_ABOUT_RETURN_TYPE = YES_ERROR;
				GCC_WARN_UNDECLARED_SELECTOR = YES;
				GCC_WARN_UNINITIALIZED_AUTOS = YES_AGGRESSIVE;
				GCC_WARN_UNUSED_FUNCTION = YES;
				GCC_WARN_UNUSED_VARIABLE = YES;
				IPHONEOS_DEPLOYMENT_TARGET = 12.0;
				LD_RUNPATH_SEARCH_PATHS = (
					/usr/lib/swift,
					"$(inherited)",
				);
				LIBRARY_SEARCH_PATHS = (
					"$(SDKROOT)/usr/lib/swift",
					"\"$(TOOLCHAIN_DIR)/usr/lib/swift/$(PLATFORM_NAME)\"",
					"\"$(inherited)\"",
				);
				MTL_ENABLE_DEBUG_INFO = NO;
				REACT_NATIVE_PATH = "${PODS_ROOT}/../../node_modules/react-native";
				SDKROOT = iphoneos;
				STRING_CATALOG_GENERATE_SYMBOLS = YES;
				USE_HERMES = true;
				VALIDATE_PRODUCT = YES;
			};
			name = Release;
		};
		A20000000000000000000010 /* Debug */ = {
			isa = XCBuildConfiguration;
			buildSettings = {
				CLANG_ENABLE_MODULES = YES;
				CODE_SIGN_STYLE = Automatic;
				DEAD_CODE_STRIPPING = YES;
				GENERATE_INFOPLIST_FILE = YES;
				LD_RUNPATH_SEARCH_PATHS = (
					"$(inherited)",
					"@executable_path/../Frameworks",
					"@loader_path/../Frameworks",
				);
				MACOSX_DEPLOYMENT_TARGET = 14.0;
				PRODUCT_BUNDLE_IDENTIFIER = "org.reactjs.native.PDFViewer-macOSTests";
				PRODUCT_NAME = "$(TARGET_NAME)";
				SDKROOT = macosx;
				SWIFT_VERSION = 5.0;
				WRAPPER_EXTENSION = xctest;
			};
			name = Debug;
		};
		A20000000000000000000011 /* Release */ = {
			isa = XCBuildConfiguration;
			buildSettings = {
				CLANG_ENABLE_MODULES = YES;
				CODE_SIGN_STYLE = Automatic;
				DEAD_CODE_STRIPPING = YES;
				GENERATE_INFOPLIST_FILE = YES;
				LD_RUNPATH_SEARCH_PATHS = (
					"$(inherited)",
					"@executable_path/../Frameworks",
					"@loader_path/../Frameworks",
				);
				MACOSX_DEPLOYMENT_TARGET = 14.0;
				PRODUCT_BUNDLE_IDENTIFIER = "org.reactjs.native.PDFViewer-macOSTests";
				PRODUCT_NAME = "$(TARGET_NAME)";
				SDKROOT = macosx;
				SWIFT_VERSION = 5.0;
				WRAPPER_EXTENSION = xctest;
			};
			name = Release;
		};
		A30000000000000000000010 /* Debug */ = {
			isa = XCBuildConfiguration;
			buildSettings = {
				CLANG_ENABLE_MODULES = YES;
				CODE_SIGN_STYLE = Automatic;
				DEAD_CODE_STRIPPING = YES;
				GENERATE_INFOPLIST_FILE = YES;
				LD_RUNPATH_SEARCH_PATHS = (
					"$(inherited)",
					"@executable_path/../Frameworks",
					"@loader_path/../Frameworks",
				);
				MACOSX_DEPLOYMENT_TARGET = 14.0;
				PRODUCT_BUNDLE_IDENTIFIER = "org.reactjs.native.PDFViewer-macOSUITests";
				PRODUCT_NAME = "$(TARGET_NAME)";
				SDKROOT = macosx;
				SWIFT_VERSION = 5.0;
				TEST_TARGET_NAME = "Acacia-macOS";
				WRAPPER_EXTENSION = xctest;
			};
			name = Debug;
		};
		A30000000000000000000011 /* Release */ = {
			isa = XCBuildConfiguration;
			buildSettings = {
				CLANG_ENABLE_MODULES = YES;
				CODE_SIGN_STYLE = Automatic;
				DEAD_CODE_STRIPPING = YES;
				GENERATE_INFOPLIST_FILE = YES;
				LD_RUNPATH_SEARCH_PATHS = (
					"$(inherited)",
					"@executable_path/../Frameworks",
					"@loader_path/../Frameworks",
				);
				MACOSX_DEPLOYMENT_TARGET = 14.0;
				PRODUCT_BUNDLE_IDENTIFIER = "org.reactjs.native.PDFViewer-macOSUITests";
				PRODUCT_NAME = "$(TARGET_NAME)";
				SDKROOT = macosx;
				SWIFT_VERSION = 5.0;
				TEST_TARGET_NAME = "Acacia-macOS";
				WRAPPER_EXTENSION = xctest;
			};
			name = Release;
		};
/* End XCBuildConfiguration section */

/* Begin XCConfigurationList section */
		13B07F931A680F5B00A75B9A /* Build configuration list for PBXNativeTarget "Acacia-iOS" */ = {
			isa = XCConfigurationList;
			buildConfigurations = (
				13B07F941A680F5B00A75B9A /* Debug */,
				13B07F951A680F5B00A75B9A /* Release */,
			);
			defaultConfigurationIsVisible = 0;
			defaultConfigurationName = Release;
		};
		5142015A2437B4B40078DB4F /* Build configuration list for PBXNativeTarget "Acacia-macOS" */ = {
			isa = XCConfigurationList;
			buildConfigurations = (
				5142015B2437B4B40078DB4F /* Debug */,
				5142015C2437B4B40078DB4F /* Release */,
			);
			defaultConfigurationIsVisible = 0;
			defaultConfigurationName = Release;
		};
		83CBB9FA1A601CBA00E9B192 /* Build configuration list for PBXProject "Acacia" */ = {
			isa = XCConfigurationList;
			buildConfigurations = (
				83CBBA201A601CBA00E9B192 /* Debug */,
				83CBBA211A601CBA00E9B192 /* Release */,
			);
			defaultConfigurationIsVisible = 0;
			defaultConfigurationName = Release;
		};
		A20000000000000000000009 /* Build configuration list for PBXNativeTarget "Acacia-macOSTests" */ = {
			isa = XCConfigurationList;
			buildConfigurations = (
				A20000000000000000000010 /* Debug */,
				A20000000000000000000011 /* Release */,
			);
			defaultConfigurationIsVisible = 0;
			defaultConfigurationName = Release;
		};
		A30000000000000000000009 /* Build configuration list for PBXNativeTarget "Acacia-macOSUITests" */ = {
			isa = XCConfigurationList;
			buildConfigurations = (
				A30000000000000000000010 /* Debug */,
				A30000000000000000000011 /* Release */,
			);
			defaultConfigurationIsVisible = 0;
			defaultConfigurationName = Release;
		};
/* End XCConfigurationList section */
	};
	rootObject = 83CBB9F71A601CBA00E9B192 /* Project object */;
}
